{
  "name": "@rektbuildr/rektools",
  "version": "0.0.0",
  "lockfileVersion": 2,
  "requires": true,
  "packages": {
    "": {
      "name": "@rektbuildr/rektools",
      "version": "0.0.0",
      "dependencies": {
        "@ledgerhq/live-env": "^0.8.0"
      }
    },
    "node_modules/@ledgerhq/live-env": {
      "version": "0.8.0",
      "resolved": "https://registry.npmjs.org/@ledgerhq/live-env/-/live-env-0.8.0.tgz",
      "integrity": "sha512-RLMNkbdwX2W8Kaizq2S4S9Zg32NcQ+vUyhk3UOlcbr6bEByAUcLUfQjQ7bUJfGEtRZCMz9hXLwBqLCrE/L0YCw==",
      "dependencies": {
        "rxjs": "^7.8.1",
        "utility-types": "^3.10.0"
      }
    },
    "node_modules/rxjs": {
      "version": "7.8.1",
      "resolved": "https://registry.npmjs.org/rxjs/-/rxjs-7.8.1.tgz",
      "integrity": "sha512-AA3TVj+0A2iuIoQkWEK/tqFjBq2j+6PO6Y0zJcvzLAFhEFIO3HL0vls9hWLncZbAAbK0mar7oZ4V079I/qPMxg==",
      "dependencies": {
        "tslib": "^2.1.0"
      }
    },
    "node_modules/tslib": {
      "version": "2.6.2",
      "resolved": "https://registry.npmjs.org/tslib/-/tslib-2.6.2.tgz",
      "integrity": "sha512-AEYxH93jGFPn/a2iVAwW87VuUIkR1FVUKB77NwMF7nBTDkDrrT/Hpt/IrCJ0QXhW27jTBDcf5ZY7w6RiqTMw2Q=="
    },
    "node_modules/utility-types": {
      "version": "3.10.0",
      "resolved": "https://registry.npmjs.org/utility-types/-/utility-types-3.10.0.tgz",
      "integrity": "sha512-O11mqxmi7wMKCo6HKFt5AhO4BwY3VV68YU07tgxfz8zJTIxr4BpsezN49Ffwy9j3ZpwwJp4fkRwjRzq3uWE6Rg==",
      "engines": {
        "node": ">= 4"
      }
    }
  },
  "dependencies": {
    "@ledgerhq/live-env": {
      "version": "0.8.0",
      "resolved": "https://registry.npmjs.org/@ledgerhq/live-env/-/live-env-0.8.0.tgz",
      "integrity": "sha512-RLMNkbdwX2W8Kaizq2S4S9Zg32NcQ+vUyhk3UOlcbr6bEByAUcLUfQjQ7bUJfGEtRZCMz9hXLwBqLCrE/L0YCw==",
      "requires": {
        "rxjs": "^7.8.1",
        "utility-types": "^3.10.0"
      }
    },
    "rxjs": {
      "version": "7.8.1",
      "resolved": "https://registry.npmjs.org/rxjs/-/rxjs-7.8.1.tgz",
      "integrity": "sha512-AA3TVj+0A2iuIoQkWEK/tqFjBq2j+6PO6Y0zJcvzLAFhEFIO3HL0vls9hWLncZbAAbK0mar7oZ4V079I/qPMxg==",
      "requires": {
        "tslib": "^2.1.0"
      }
    },
    "tslib": {
      "version": "2.6.2",
      "resolved": "https://registry.npmjs.org/tslib/-/tslib-2.6.2.tgz",
      "integrity": "sha512-AEYxH93jGFPn/a2iVAwW87VuUIkR1FVUKB77NwMF7nBTDkDrrT/Hpt/IrCJ0QXhW27jTBDcf5ZY7w6RiqTMw2Q=="
    },
    "utility-types": {
      "version": "3.10.0",
      "resolved": "https://registry.npmjs.org/utility-types/-/utility-types-3.10.0.tgz",
      "integrity": "sha512-O11mqxmi7wMKCo6HKFt5AhO4BwY3VV68YU07tgxfz8zJTIxr4BpsezN49Ffwy9j3ZpwwJp4fkRwjRzq3uWE6Rg=="
    }
  }
}
